<Solution>
  <Project DefaultStartup="true" Path="Estoque.Api/Estoque.Api.csproj" />
  <Project Path="Estoque.ApplicationService/Estoque.ApplicationService.csproj" />
  <Project Path="Estoque.Domain/Estoque.Domain.csproj" />
  <Project Path="Estoque.EventListeners/Estoque.EventListeners.csproj" />
  <Project Path="Estoque.InfraStructure/Estoque.InfraStructure.csproj" />
  <Folder Name="/Testes/">
    <Project Path="Testes/TestesUnitarios/Estoque.TestesUnitarios.csproj" />
    <Project Path="Testes/TestesIntegracao/Estoque.TestesIntegracao.csproj" />
  </Folder>
</Solution>
